
Microsoft Visual Studio Solution File, Format Version 12.00
# Visual Studio Version 17
VisualStudioVersion = 17.11.35312.102
MinimumVisualStudioVersion = 10.0.40219.1
Project("{FAE04EC0-301F-11D3-BF4B-00C04F79EFBC}") = "Advd_Bibliotekhanteringsystem", "Advd_Bibliotekhanteringsystem.csproj", "{E97DEDFB-182A-4694-9E67-877223613B68}"
EndProject
Global
	GlobalSection(SolutionConfigurationPlatforms) = preSolution
		Debug|Any CPU = Debug|Any CPU
		Release|Any CPU = Release|Any CPU
	EndGlobalSection
	GlobalSection(ProjectConfigurationPlatforms) = postSolution
		{E97DEDFB-182A-4694-9E67-877223613B68}.Debug|Any CPU.ActiveCfg = Debug|Any CPU
		{E97DEDFB-182A-4694-9E67-877223613B68}.Debug|Any CPU.Build.0 = Debug|Any CPU
		{E97DEDFB-182A-4694-9E67-877223613B68}.Release|Any CPU.ActiveCfg = Release|Any CPU
		{E97DEDFB-182A-4694-9E67-877223613B68}.Release|Any CPU.Build.0 = Release|Any CPU
	EndGlobalSection
	GlobalSection(SolutionProperties) = preSolution
		HideSolutionNode = FALSE
	EndGlobalSection
	GlobalSection(ExtensibilityGlobals) = postSolution
		SolutionGuid = {7FB43E40-A2FA-4915-BEE2-0393D49E5FA4}
	EndGlobalSection
EndGlobal
